
Microsoft Visual Studio Solution File, Format Version 12.00
# Visual Studio Version 16
VisualStudioVersion = 16.0.31424.327
MinimumVisualStudioVersion = 10.0.40219.1
Project("{FAE04EC0-301F-11D3-BF4B-00C04F79EFBC}") = "SelecionandoArquivosPorData", "SelecionandoArquivosPorData\SelecionandoArquivosPorData.csproj", "{0026740D-1486-401E-BCA6-718DEF42ED5B}"
EndProject
Global
	GlobalSection(SolutionConfigurationPlatforms) = preSolution
		Debug|Any CPU = Debug|Any CPU
		Release|Any CPU = Release|Any CPU
	EndGlobalSection
	GlobalSection(ProjectConfigurationPlatforms) = postSolution
		{0026740D-1486-401E-BCA6-718DEF42ED5B}.Debug|Any CPU.ActiveCfg = Debug|Any CPU
		{0026740D-1486-401E-BCA6-718DEF42ED5B}.Debug|Any CPU.Build.0 = Debug|Any CPU
		{0026740D-1486-401E-BCA6-718DEF42ED5B}.Release|Any CPU.ActiveCfg = Release|Any CPU
		{0026740D-1486-401E-BCA6-718DEF42ED5B}.Release|Any CPU.Build.0 = Release|Any CPU
	EndGlobalSection
	GlobalSection(SolutionProperties) = preSolution
		HideSolutionNode = FALSE
	EndGlobalSection
	GlobalSection(ExtensibilityGlobals) = postSolution
		SolutionGuid = {1FDAB3F4-AC4F-49E1-BB64-03D8C1555011}
	EndGlobalSection
EndGlobal
